
Microsoft Visual Studio Solution File, Format Version 12.00
# Visual Studio 15
VisualStudioVersion = 15.0.27428.1
MinimumVisualStudioVersion = 10.0.40219.1
Project("{9A19103F-16F7-4668-BE54-9A1E7A4F7556}") = "LambdaImageCompressor", "LambdaImageCompressor\LambdaImageCompressor.csproj", "{090DF4B6-BFF8-4153-AF8E-E0E8133558A2}"
EndProject
Global
	GlobalSection(SolutionConfigurationPlatforms) = preSolution
		Debug|Any CPU = Debug|Any CPU
		Release|Any CPU = Release|Any CPU
	EndGlobalSection
	GlobalSection(ProjectConfigurationPlatforms) = postSolution
		{090DF4B6-BFF8-4153-AF8E-E0E8133558A2}.Debug|Any CPU.ActiveCfg = Debug|Any CPU
		{090DF4B6-BFF8-4153-AF8E-E0E8133558A2}.Debug|Any CPU.Build.0 = Debug|Any CPU
		{090DF4B6-BFF8-4153-AF8E-E0E8133558A2}.Release|Any CPU.ActiveCfg = Release|Any CPU
		{090DF4B6-BFF8-4153-AF8E-E0E8133558A2}.Release|Any CPU.Build.0 = Release|Any CPU
	EndGlobalSection
	GlobalSection(SolutionProperties) = preSolution
		HideSolutionNode = FALSE
	EndGlobalSection
	GlobalSection(ExtensibilityGlobals) = postSolution
		SolutionGuid = {C033E5B8-58A1-4413-85A0-2BE1B56DE4BF}
	EndGlobalSection
EndGlobal
